
Microsoft Visual Studio Solution File, Format Version 12.00
# Visual Studio Version 16
VisualStudioVersion = 16.0.29609.76
MinimumVisualStudioVersion = 10.0.40219.1
Project("{FAE04EC0-301F-11D3-BF4B-00C04F79EFBC}") = "BasicProblems", "BasicProblems\BasicProblems.csproj", "{1C031E44-6846-411F-BE82-38852465D6CA}"
EndProject
Global
	GlobalSection(SolutionConfigurationPlatforms) = preSolution
		Debug|Any CPU = Debug|Any CPU
		Release|Any CPU = Release|Any CPU
	EndGlobalSection
	GlobalSection(ProjectConfigurationPlatforms) = postSolution
		{1C031E44-6846-411F-BE82-38852465D6CA}.Debug|Any CPU.ActiveCfg = Debug|Any CPU
		{1C031E44-6846-411F-BE82-38852465D6CA}.Debug|Any CPU.Build.0 = Debug|Any CPU
		{1C031E44-6846-411F-BE82-38852465D6CA}.Release|Any CPU.ActiveCfg = Release|Any CPU
		{1C031E44-6846-411F-BE82-38852465D6CA}.Release|Any CPU.Build.0 = Release|Any CPU
	EndGlobalSection
	GlobalSection(SolutionProperties) = preSolution
		HideSolutionNode = FALSE
	EndGlobalSection
	GlobalSection(ExtensibilityGlobals) = postSolution
		SolutionGuid = {4CC60DED-739A-4CA3-A0E8-829993037B4B}
	EndGlobalSection
EndGlobal
